{
  "name": "frappe_react_ui_components",
  "version": "1.0.0",
  "lockfileVersion": 3,
  "requires": true,
  "packages": {
    "": {
      "name": "frappe_react_ui_components",
      "version": "1.0.0",
      "hasInstallScript": true,
      "license": "ISC",
      "dependencies": {
        "react-is": "^19.2.7"
      }
    },
    "node_modules/react-is": {
      "version": "19.2.7",
      "resolved": "https://registry.npmjs.org/react-is/-/react-is-19.2.7.tgz",
      "integrity": "sha512-kZFnouyVv7eP/Phmrlo9FK+zcAdriZJvzxXHF1Sl1P377WSGe2G/JxVolhTrB/jeV47lKImhNUsijjHAAbcl/A==",
      "license": "MIT"
    }
  }
}
